
Microsoft Visual Studio Solution File, Format Version 12.00
# Visual Studio Version 16
VisualStudioVersion = 16.0.31613.86
MinimumVisualStudioVersion = 10.0.40219.1
Project("{2150E333-8FDC-42A3-9474-1A3956D46DE8}") = "src", "src", "{E398DD76-BFC7-40A0-BA03-3B9F2E0D7FA3}"
EndProject
Project("{2150E333-8FDC-42A3-9474-1A3956D46DE8}") = "BuildingBlocks", "BuildingBlocks", "{AD4C61FC-DBB4-415F-8123-E7906E75731D}"
EndProject
Project("{2150E333-8FDC-42A3-9474-1A3956D46DE8}") = "EventBus", "EventBus", "{62436AD2-BF9B-4343-A19B-46B1907080E3}"
EndProject
Project("{9A19103F-16F7-4668-BE54-9A1E7A4F7556}") = "EventBus.Base", "src\BuildingBlocks\EventBus\EventBus.Base\EventBus.Base.csproj", "{9E3AC434-DD3A-4312-81A9-6E3B85D42F6C}"
EndProject
Project("{9A19103F-16F7-4668-BE54-9A1E7A4F7556}") = "EventBus.Service", "src\BuildingBlocks\EventBus\EventBus.Service\EventBus.Service.csproj", "{D13B4B3E-C679-4D24-AB35-E75E42D8B6C7}"
EndProject
Project("{9A19103F-16F7-4668-BE54-9A1E7A4F7556}") = "EventBus.RabbitMQ", "src\BuildingBlocks\EventBus\EventBus.RabbitMQ\EventBus.RabbitMQ.csproj", "{D849E9C0-E5CE-4EA4-9C73-7D85BFDF3065}"
EndProject
Project("{9A19103F-16F7-4668-BE54-9A1E7A4F7556}") = "EventBus.Factory", "src\BuildingBlocks\EventBus\EventBus.Factory\EventBus.Factory.csproj", "{C8E56CE0-8236-4E18-930F-071E72D18971}"
EndProject
Project("{2150E333-8FDC-42A3-9474-1A3956D46DE8}") = "Integrations", "Integrations", "{54C8D25D-D62E-494D-A29C-D9232B701AC1}"
EndProject
Project("{2150E333-8FDC-42A3-9474-1A3956D46DE8}") = "ToERP", "ToERP", "{A0974B63-83F3-4AE9-B6B6-5444F5E0CD70}"
EndProject
Project("{2150E333-8FDC-42A3-9474-1A3956D46DE8}") = "GetCommerce", "GetCommerce", "{4F484C67-368D-46D4-A215-763E34A2ED34}"
EndProject
Project("{9A19103F-16F7-4668-BE54-9A1E7A4F7556}") = "GetCommerce.APP", "src\Integrations\GetCommerce\GetCommerce.APP\GetCommerce.APP.csproj", "{4655D215-6B47-4FED-8C81-BDE8EA247798}"
EndProject
Project("{FAE04EC0-301F-11D3-BF4B-00C04F79EFBC}") = "ToErp.APP", "src\Integrations\ToERP\ToErp.APP\ToErp.APP.csproj", "{2141F43B-2817-488E-8DB0-5E7AD40E1F31}"
EndProject
Project("{9A19103F-16F7-4668-BE54-9A1E7A4F7556}") = "Odoo", "src\Integrations\ToERP\Odoo\Odoo.csproj", "{BBD38A19-77DB-4EDB-9568-5F490BDCF450}"
EndProject
Global
	GlobalSection(SolutionConfigurationPlatforms) = preSolution
		Debug|Any CPU = Debug|Any CPU
		Release|Any CPU = Release|Any CPU
	EndGlobalSection
	GlobalSection(ProjectConfigurationPlatforms) = postSolution
		{9E3AC434-DD3A-4312-81A9-6E3B85D42F6C}.Debug|Any CPU.ActiveCfg = Debug|Any CPU
		{9E3AC434-DD3A-4312-81A9-6E3B85D42F6C}.Debug|Any CPU.Build.0 = Debug|Any CPU
		{9E3AC434-DD3A-4312-81A9-6E3B85D42F6C}.Release|Any CPU.ActiveCfg = Release|Any CPU
		{9E3AC434-DD3A-4312-81A9-6E3B85D42F6C}.Release|Any CPU.Build.0 = Release|Any CPU
		{D13B4B3E-C679-4D24-AB35-E75E42D8B6C7}.Debug|Any CPU.ActiveCfg = Debug|Any CPU
		{D13B4B3E-C679-4D24-AB35-E75E42D8B6C7}.Debug|Any CPU.Build.0 = Debug|Any CPU
		{D13B4B3E-C679-4D24-AB35-E75E42D8B6C7}.Release|Any CPU.ActiveCfg = Release|Any CPU
		{D13B4B3E-C679-4D24-AB35-E75E42D8B6C7}.Release|Any CPU.Build.0 = Release|Any CPU
		{D849E9C0-E5CE-4EA4-9C73-7D85BFDF3065}.Debug|Any CPU.ActiveCfg = Debug|Any CPU
		{D849E9C0-E5CE-4EA4-9C73-7D85BFDF3065}.Debug|Any CPU.Build.0 = Debug|Any CPU
		{D849E9C0-E5CE-4EA4-9C73-7D85BFDF3065}.Release|Any CPU.ActiveCfg = Release|Any CPU
		{D849E9C0-E5CE-4EA4-9C73-7D85BFDF3065}.Release|Any CPU.Build.0 = Release|Any CPU
		{C8E56CE0-8236-4E18-930F-071E72D18971}.Debug|Any CPU.ActiveCfg = Debug|Any CPU
		{C8E56CE0-8236-4E18-930F-071E72D18971}.Debug|Any CPU.Build.0 = Debug|Any CPU
		{C8E56CE0-8236-4E18-930F-071E72D18971}.Release|Any CPU.ActiveCfg = Release|Any CPU
		{C8E56CE0-8236-4E18-930F-071E72D18971}.Release|Any CPU.Build.0 = Release|Any CPU
		{4655D215-6B47-4FED-8C81-BDE8EA247798}.Debug|Any CPU.ActiveCfg = Debug|Any CPU
		{4655D215-6B47-4FED-8C81-BDE8EA247798}.Debug|Any CPU.Build.0 = Debug|Any CPU
		{4655D215-6B47-4FED-8C81-BDE8EA247798}.Release|Any CPU.ActiveCfg = Release|Any CPU
		{4655D215-6B47-4FED-8C81-BDE8EA247798}.Release|Any CPU.Build.0 = Release|Any CPU
		{2141F43B-2817-488E-8DB0-5E7AD40E1F31}.Debug|Any CPU.ActiveCfg = Debug|Any CPU
		{2141F43B-2817-488E-8DB0-5E7AD40E1F31}.Debug|Any CPU.Build.0 = Debug|Any CPU
		{2141F43B-2817-488E-8DB0-5E7AD40E1F31}.Release|Any CPU.ActiveCfg = Release|Any CPU
		{2141F43B-2817-488E-8DB0-5E7AD40E1F31}.Release|Any CPU.Build.0 = Release|Any CPU
		{BBD38A19-77DB-4EDB-9568-5F490BDCF450}.Debug|Any CPU.ActiveCfg = Debug|Any CPU
		{BBD38A19-77DB-4EDB-9568-5F490BDCF450}.Debug|Any CPU.Build.0 = Debug|Any CPU
		{BBD38A19-77DB-4EDB-9568-5F490BDCF450}.Release|Any CPU.ActiveCfg = Release|Any CPU
		{BBD38A19-77DB-4EDB-9568-5F490BDCF450}.Release|Any CPU.Build.0 = Release|Any CPU
	EndGlobalSection
	GlobalSection(SolutionProperties) = preSolution
		HideSolutionNode = FALSE
	EndGlobalSection
	GlobalSection(NestedProjects) = preSolution
		{AD4C61FC-DBB4-415F-8123-E7906E75731D} = {E398DD76-BFC7-40A0-BA03-3B9F2E0D7FA3}
		{62436AD2-BF9B-4343-A19B-46B1907080E3} = {AD4C61FC-DBB4-415F-8123-E7906E75731D}
		{9E3AC434-DD3A-4312-81A9-6E3B85D42F6C} = {62436AD2-BF9B-4343-A19B-46B1907080E3}
		{D13B4B3E-C679-4D24-AB35-E75E42D8B6C7} = {62436AD2-BF9B-4343-A19B-46B1907080E3}
		{D849E9C0-E5CE-4EA4-9C73-7D85BFDF3065} = {62436AD2-BF9B-4343-A19B-46B1907080E3}
		{C8E56CE0-8236-4E18-930F-071E72D18971} = {62436AD2-BF9B-4343-A19B-46B1907080E3}
		{54C8D25D-D62E-494D-A29C-D9232B701AC1} = {E398DD76-BFC7-40A0-BA03-3B9F2E0D7FA3}
		{A0974B63-83F3-4AE9-B6B6-5444F5E0CD70} = {54C8D25D-D62E-494D-A29C-D9232B701AC1}
		{4F484C67-368D-46D4-A215-763E34A2ED34} = {54C8D25D-D62E-494D-A29C-D9232B701AC1}
		{4655D215-6B47-4FED-8C81-BDE8EA247798} = {4F484C67-368D-46D4-A215-763E34A2ED34}
		{2141F43B-2817-488E-8DB0-5E7AD40E1F31} = {A0974B63-83F3-4AE9-B6B6-5444F5E0CD70}
		{BBD38A19-77DB-4EDB-9568-5F490BDCF450} = {A0974B63-83F3-4AE9-B6B6-5444F5E0CD70}
	EndGlobalSection
	GlobalSection(ExtensibilityGlobals) = postSolution
		SolutionGuid = {214EF966-67BC-452B-8C6E-6B54F9C81945}
	EndGlobalSection
EndGlobal
